
Microsoft Visual Studio Solution File, Format Version 12.00
# Visual Studio Version 17
VisualStudioVersion = 17.12.35527.113 d17.12
MinimumVisualStudioVersion = 10.0.40219.1
Project("{FAE04EC0-301F-11D3-BF4B-00C04F79EFBC}") = "Sorted app", "Sorted app.csproj", "{BF594B50-4039-4F2F-A236-CCE0F68CF116}"
EndProject
Global
	GlobalSection(SolutionConfigurationPlatforms) = preSolution
		Debug|Any CPU = Debug|Any CPU
		Release|Any CPU = Release|Any CPU
	EndGlobalSection
	GlobalSection(ProjectConfigurationPlatforms) = postSolution
		{BF594B50-4039-4F2F-A236-CCE0F68CF116}.Debug|Any CPU.ActiveCfg = Debug|Any CPU
		{BF594B50-4039-4F2F-A236-CCE0F68CF116}.Debug|Any CPU.Build.0 = Debug|Any CPU
		{BF594B50-4039-4F2F-A236-CCE0F68CF116}.Release|Any CPU.ActiveCfg = Release|Any CPU
		{BF594B50-4039-4F2F-A236-CCE0F68CF116}.Release|Any CPU.Build.0 = Release|Any CPU
	EndGlobalSection
	GlobalSection(SolutionProperties) = preSolution
		HideSolutionNode = FALSE
	EndGlobalSection
EndGlobal
